{
  "name": "portolani",
  "version": "0.1.0",
  "lockfileVersion": 3,
  "requires": true,
  "packages": {
    "": {
      "name": "portolani",
      "version": "0.1.0",
      "license": "MIT",
      "bin": {
        "portolani": "bin/portolani.mjs"
      },
      "devDependencies": {
        "coast-wright": "0.0.1-alpha.0"
      },
      "engines": {
        "node": ">=20"
      }
    },
    "node_modules/coast-wright": {
      "version": "0.0.1-alpha.0",
      "resolved": "https://registry.npmjs.org/coast-wright/-/coast-wright-0.0.1-alpha.0.tgz",
      "integrity": "sha512-OfHkra6e0/oWNC2DnADHtEN6vihENj/2VL0L+jQ9KuJoaRvUIilRxwvllvc7J+3/hVFvk63i1Oe46ToBocaFkg==",
      "dev": true,
      "engines": {
        "node": ">=20"
      },
      "peerDependenciesMeta": {
        "coastlines": {
          "optional": true
        }
      }
    }
  }
}
