{
  "name": "portolani",
  "version": "0.1.0",
  "lockfileVersion": 3,
  "requires": true,
  "packages": {
    "": {
      "name": "portolani",
      "version": "0.1.0",
      "license": "MIT",
      "dependencies": {
        "@napi-rs/canvas": "^1.0.11"
      }
    },
    "node_modules/@napi-rs/canvas": {
      "version": "1.0.11",
      "resolved": "https://registry.npmjs.org/@napi-rs/canvas/-/canvas-1.0.11.tgz",
      "integrity": "sha512-vt5tog1cr+QKadIddGe+3LrcX0EmjEd0izF717Uwf92mBmgYfq2XRmL2r4bZU40spB69exxhrBn9I91HYEr/7w==",
      "engines": {
        "node": ">= 10"
      },
      "funding": {
        "type": "github",
        "url": "https://github.com/sponsors/Brooooooklyn"
      },
      "optionalDependencies": {
        "@napi-rs/canvas-android-arm64": "1.0.11",
        "@napi-rs/canvas-darwin-arm64": "1.0.11",
        "@napi-rs/canvas-darwin-x64": "1.0.11",
        "@napi-rs/canvas-linux-arm-gnueabihf": "1.0.11",
        "@napi-rs/canvas-linux-arm64-gnu": "1.0.11",
        "@napi-rs/canvas-linux-arm64-musl": "1.0.11",
        "@napi-rs/canvas-linux-riscv64-gnu": "1.0.11",
        "@napi-rs/canvas-linux-x64-gnu": "1.0.11",
        "@napi-rs/canvas-linux-x64-musl": "1.0.11",
        "@napi-rs/canvas-win32-arm64-msvc": "1.0.11",
        "@napi-rs/canvas-win32-x64-msvc": "1.0.11"
      }
    },
    "node_modules/@napi-rs/canvas-android-arm64": {
      "version": "1.0.11",
      "resolved": "https://registry.npmjs.org/@napi-rs/canvas-android-arm64/-/canvas-android-arm64-1.0.11.tgz",
      "integrity": "sha512-dtJS4FQEfH9OwSYLtMrEnj7T8DzBbJc/97LI/OkiWOYpW/iW5t6R/gcxVrUXS8l45gCVpwMufgucRe/pe0ISqA==",
      "cpu": [
        "arm64"
      ],
      "optional": true,
      "os": [
        "android"
      ],
      "engines": {
        "node": ">= 10"
      },
      "funding": {
        "type": "github",
        "url": "https://github.com/sponsors/Brooooooklyn"
      }
    },
    "node_modules/@napi-rs/canvas-darwin-arm64": {
      "version": "1.0.11",
      "resolved": "https://registry.npmjs.org/@napi-rs/canvas-darwin-arm64/-/canvas-darwin-arm64-1.0.11.tgz",
      "integrity": "sha512-J/JylWoJTG8OQqZaiqly4IODyAxNofUlZo0wtSBJtHk6AdymbdIkPynAM1JvQaZpPaG5h+msk9QuK8y4i1ooqw==",
      "cpu": [
        "arm64"
      ],
      "optional": true,
      "os": [
        "darwin"
      ],
      "engines": {
        "node": ">= 10"
      },
      "funding": {
        "type": "github",
        "url": "https://github.com/sponsors/Brooooooklyn"
      }
    },
    "node_modules/@napi-rs/canvas-darwin-x64": {
      "version": "1.0.11",
      "resolved": "https://registry.npmjs.org/@napi-rs/canvas-darwin-x64/-/canvas-darwin-x64-1.0.11.tgz",
      "integrity": "sha512-nlecCk3xy06eAGC7krZtzNDm9UNTHKuHQYK8ZYegdjzgSL8anGt/eLJZm86OWaNgZkwQwvDqfSmG8Nqe6MPZNQ==",
      "cpu": [
        "x64"
      ],
      "optional": true,
      "os": [
        "darwin"
      ],
      "engines": {
        "node": ">= 10"
      },
      "funding": {
        "type": "github",
        "url": "https://github.com/sponsors/Brooooooklyn"
      }
    },
    "node_modules/@napi-rs/canvas-linux-arm-gnueabihf": {
      "version": "1.0.11",
      "resolved": "https://registry.npmjs.org/@napi-rs/canvas-linux-arm-gnueabihf/-/canvas-linux-arm-gnueabihf-1.0.11.tgz",
      "integrity": "sha512-DKImmG+sTPolE0kGPsYPBxTtOjb3INALp32O2lW2CfSr0bAzSEKKuu+GrQbtilClyoPOahUErS3OrznFDraoWA==",
      "cpu": [
        "arm"
      ],
      "optional": true,
      "os": [
        "linux"
      ],
      "engines": {
        "node": ">= 10"
      },
      "funding": {
        "type": "github",
        "url": "https://github.com/sponsors/Brooooooklyn"
      }
    },
    "node_modules/@napi-rs/canvas-linux-arm64-gnu": {
      "version": "1.0.11",
      "resolved": "https://registry.npmjs.org/@napi-rs/canvas-linux-arm64-gnu/-/canvas-linux-arm64-gnu-1.0.11.tgz",
      "integrity": "sha512-55sykACGENj5j1rhj+81AO8JbR9HYgGjRZ7/H+pNr4VE1DvINKYNMTcutk8ZmWxk276jAQvUKJ3+Kdj9GXU3lQ==",
      "cpu": [
        "arm64"
      ],
      "optional": true,
      "os": [
        "linux"
      ],
      "engines": {
        "node": ">= 10"
      },
      "funding": {
        "type": "github",
        "url": "https://github.com/sponsors/Brooooooklyn"
      }
    },
    "node_modules/@napi-rs/canvas-linux-arm64-musl": {
      "version": "1.0.11",
      "resolved": "https://registry.npmjs.org/@napi-rs/canvas-linux-arm64-musl/-/canvas-linux-arm64-musl-1.0.11.tgz",
      "integrity": "sha512-6Jz6jys17yXydO+WdJgu7JhoB4K7/w9sWHByzzTmLjQghUx3TDMWvLv+UcCdnWhg4oprET67EMymnrETdeGNAg==",
      "cpu": [
        "arm64"
      ],
      "optional": true,
      "os": [
        "linux"
      ],
      "engines": {
        "node": ">= 10"
      },
      "funding": {
        "type": "github",
        "url": "https://github.com/sponsors/Brooooooklyn"
      }
    },
    "node_modules/@napi-rs/canvas-linux-riscv64-gnu": {
      "version": "1.0.11",
      "resolved": "https://registry.npmjs.org/@napi-rs/canvas-linux-riscv64-gnu/-/canvas-linux-riscv64-gnu-1.0.11.tgz",
      "integrity": "sha512-lf2XeEebWiUYVOVEjLXxF7dfXrBBSEOBn9AqBh39VYXrPt5cDqI+1t58IFSjn8npqkg5jIOs8TQbjKABbFW1gQ==",
      "cpu": [
        "riscv64"
      ],
      "optional": true,
      "os": [
        "linux"
      ],
      "engines": {
        "node": ">= 10"
      },
      "funding": {
        "type": "github",
        "url": "https://github.com/sponsors/Brooooooklyn"
      }
    },
    "node_modules/@napi-rs/canvas-linux-x64-gnu": {
      "version": "1.0.11",
      "resolved": "https://registry.npmjs.org/@napi-rs/canvas-linux-x64-gnu/-/canvas-linux-x64-gnu-1.0.11.tgz",
      "integrity": "sha512-iDapw7nFSE5tsmQxcH2+KotJhyfVPmHd6vUOQN/Em+8WNbkZJwJ/rDowlJMFnMl0SYSDSfgKCNUGi6Sn5++Smg==",
      "cpu": [
        "x64"
      ],
      "optional": true,
      "os": [
        "linux"
      ],
      "engines": {
        "node": ">= 10"
      },
      "funding": {
        "type": "github",
        "url": "https://github.com/sponsors/Brooooooklyn"
      }
    },
    "node_modules/@napi-rs/canvas-linux-x64-musl": {
      "version": "1.0.11",
      "resolved": "https://registry.npmjs.org/@napi-rs/canvas-linux-x64-musl/-/canvas-linux-x64-musl-1.0.11.tgz",
      "integrity": "sha512-26q26AyITo3CGZX4HWFIMgBMA1lu3YN07gxzBm4tW6Hglq/OVyTP50kDrmWuKybCX6dh3m8Ly+c7YhI+sqCgCQ==",
      "cpu": [
        "x64"
      ],
      "optional": true,
      "os": [
        "linux"
      ],
      "engines": {
        "node": ">= 10"
      },
      "funding": {
        "type": "github",
        "url": "https://github.com/sponsors/Brooooooklyn"
      }
    },
    "node_modules/@napi-rs/canvas-win32-arm64-msvc": {
      "version": "1.0.11",
      "resolved": "https://registry.npmjs.org/@napi-rs/canvas-win32-arm64-msvc/-/canvas-win32-arm64-msvc-1.0.11.tgz",
      "integrity": "sha512-cUO96IdsfvIj2S+2PNcDSkTcLhjPj8pIOEWRV1Kj70MOP4wnE9zSk7N4C1EKHlFGRcgdR5AkbnBZj0dfHK9nbQ==",
      "cpu": [
        "arm64"
      ],
      "optional": true,
      "os": [
        "win32"
      ],
      "engines": {
        "node": ">= 10"
      },
      "funding": {
        "type": "github",
        "url": "https://github.com/sponsors/Brooooooklyn"
      }
    },
    "node_modules/@napi-rs/canvas-win32-x64-msvc": {
      "version": "1.0.11",
      "resolved": "https://registry.npmjs.org/@napi-rs/canvas-win32-x64-msvc/-/canvas-win32-x64-msvc-1.0.11.tgz",
      "integrity": "sha512-DFYp/ZQRdKunI/LPc0UkRXG1vlNjJKOJf8O8Ctb8+wm2Nt2ELg9Eamc31D2VoakkfGo8L+z0Iejz6WtFbQwyGw==",
      "cpu": [
        "x64"
      ],
      "optional": true,
      "os": [
        "win32"
      ],
      "engines": {
        "node": ">= 10"
      },
      "funding": {
        "type": "github",
        "url": "https://github.com/sponsors/Brooooooklyn"
      }
    }
  }
}
