{
  "name": "portolani",
  "version": "0.1.0",
  "lockfileVersion": 3,
  "requires": true,
  "packages": {
    "": {
      "name": "portolani",
      "version": "0.1.0",
      "license": "MIT",
      "dependencies": {
        "@napi-rs/canvas": "^1.0.11"
      },
      "bin": {
        "portolani": "bin/portolani.mjs"
      },
      "devDependencies": {
        "coast-wright": "0.0.1-alpha.0",
        "topojson-client": "3.1.0",
        "topojson-server": "3.0.1",
        "world-atlas": "2.0.2"
      },
      "engines": {
        "node": ">=20"
      }
    },
    "node_modules/@napi-rs/canvas": {
      "version": "1.0.11",
      "resolved": "https://registry.npmjs.org/@napi-rs/canvas/-/canvas-1.0.11.tgz",
      "integrity": "sha512-vt5tog1cr+QKadIddGe+3LrcX0EmjEd0izF717Uwf92mBmgYfq2XRmL2r4bZU40spB69exxhrBn9I91HYEr/7w==",
      "engines": {
        "node": ">= 10"
      },
      "funding": {
        "type": "github",
        "url": "https://github.com/sponsors/Brooooooklyn"
      },
      "optionalDependencies": {
        "@napi-rs/canvas-android-arm64": "1.0.11",
        "@napi-rs/canvas-darwin-arm64": "1.0.11",
        "@napi-rs/canvas-darwin-x64": "1.0.11",
        "@napi-rs/canvas-linux-arm-gnueabihf": "1.0.11",
        "@napi-rs/canvas-linux-arm64-gnu": "1.0.11",
        "@napi-rs/canvas-linux-arm64-musl": "1.0.11",
        "@napi-rs/canvas-linux-riscv64-gnu": "1.0.11",
        "@napi-rs/canvas-linux-x64-gnu": "1.0.11",
        "@napi-rs/canvas-linux-x64-musl": "1.0.11",
        "@napi-rs/canvas-win32-arm64-msvc": "1.0.11",
        "@napi-rs/canvas-win32-x64-msvc": "1.0.11"
      }
    },
    "node_modules/@napi-rs/canvas-android-arm64": {
      "version": "1.0.11",
      "resolved": "https://registry.npmjs.org/@napi-rs/canvas-android-arm64/-/canvas-android-arm64-1.0.11.tgz",
      "integrity": "sha512-dtJS4FQEfH9OwSYLtMrEnj7T8DzBbJc/97LI/OkiWOYpW/iW5t6R/gcxVrUXS8l45gCVpwMufgucRe/pe0ISqA==",
      "cpu": [
        "arm64"
      ],
      "optional": true,
      "os": [
        "android"
      ],
      "engines": {
        "node": ">= 10"
      },
      "funding": {
        "type": "github",
        "url": "https://github.com/sponsors/Brooooooklyn"
      }
    },
    "node_modules/@napi-rs/canvas-darwin-arm64": {
      "version": "1.0.11",
      "resolved": "https://registry.npmjs.org/@napi-rs/canvas-darwin-arm64/-/canvas-darwin-arm64-1.0.11.tgz",
      "integrity": "sha512-J/JylWoJTG8OQqZaiqly4IODyAxNofUlZo0wtSBJtHk6AdymbdIkPynAM1JvQaZpPaG5h+msk9QuK8y4i1ooqw==",
      "cpu": [
        "arm64"
      ],
      "optional": true,
      "os": [
        "darwin"
      ],
      "engines": {
        "node": ">= 10"
      },
      "funding": {
        "type": "github",
        "url": "https://github.com/sponsors/Brooooooklyn"
      }
    },
    "node_modules/@napi-rs/canvas-darwin-x64": {
      "version": "1.0.11",
      "resolved": "https://registry.npmjs.org/@napi-rs/canvas-darwin-x64/-/canvas-darwin-x64-1.0.11.tgz",
      "integrity": "sha512-nlecCk3xy06eAGC7krZtzNDm9UNTHKuHQYK8ZYegdjzgSL8anGt/eLJZm86OWaNgZkwQwvDqfSmG8Nqe6MPZNQ==",
      "cpu": [
        "x64"
      ],
      "optional": true,
      "os": [
        "darwin"
      ],
      "engines": {
        "node": ">= 10"
      },
      "funding": {
        "type": "github",
        "url": "https://github.com/sponsors/Brooooooklyn"
      }
    },
    "node_modules/@napi-rs/canvas-linux-arm-gnueabihf": {
      "version": "1.0.11",
      "resolved": "https://registry.npmjs.org/@napi-rs/canvas-linux-arm-gnueabihf/-/canvas-linux-arm-gnueabihf-1.0.11.tgz",
      "integrity": "sha512-DKImmG+sTPolE0kGPsYPBxTtOjb3INALp32O2lW2CfSr0bAzSEKKuu+GrQbtilClyoPOahUErS3OrznFDraoWA==",
      "cpu": [
        "arm"
      ],
      "optional": true,
      "os": [
        "linux"
      ],
      "engines": {
        "node": ">= 10"
      },
      "funding": {
        "type": "github",
        "url": "https://github.com/sponsors/Brooooooklyn"
      }
    },
    "node_modules/@napi-rs/canvas-linux-arm64-gnu": {
      "version": "1.0.11",
      "resolved": "https://registry.npmjs.org/@napi-rs/canvas-linux-arm64-gnu/-/canvas-linux-arm64-gnu-1.0.11.tgz",
      "integrity": "sha512-55sykACGENj5j1rhj+81AO8JbR9HYgGjRZ7/H+pNr4VE1DvINKYNMTcutk8ZmWxk276jAQvUKJ3+Kdj9GXU3lQ==",
      "cpu": [
        "arm64"
      ],
      "optional": true,
      "os": [
        "linux"
      ],
      "engines": {
        "node": ">= 10"
      },
      "funding": {
        "type": "github",
        "url": "https://github.com/sponsors/Brooooooklyn"
      }
    },
    "node_modules/@napi-rs/canvas-linux-arm64-musl": {
      "version": "1.0.11",
      "resolved": "https://registry.npmjs.org/@napi-rs/canvas-linux-arm64-musl/-/canvas-linux-arm64-musl-1.0.11.tgz",
      "integrity": "sha512-6Jz6jys17yXydO+WdJgu7JhoB4K7/w9sWHByzzTmLjQghUx3TDMWvLv+UcCdnWhg4oprET67EMymnrETdeGNAg==",
      "cpu": [
        "arm64"
      ],
      "optional": true,
      "os": [
        "linux"
      ],
      "engines": {
        "node": ">= 10"
      },
      "funding": {
        "type": "github",
        "url": "https://github.com/sponsors/Brooooooklyn"
      }
    },
    "node_modules/@napi-rs/canvas-linux-riscv64-gnu": {
      "version": "1.0.11",
      "resolved": "https://registry.npmjs.org/@napi-rs/canvas-linux-riscv64-gnu/-/canvas-linux-riscv64-gnu-1.0.11.tgz",
      "integrity": "sha512-lf2XeEebWiUYVOVEjLXxF7dfXrBBSEOBn9AqBh39VYXrPt5cDqI+1t58IFSjn8npqkg5jIOs8TQbjKABbFW1gQ==",
      "cpu": [
        "riscv64"
      ],
      "optional": true,
      "os": [
        "linux"
      ],
      "engines": {
        "node": ">= 10"
      },
      "funding": {
        "type": "github",
        "url": "https://github.com/sponsors/Brooooooklyn"
      }
    },
    "node_modules/@napi-rs/canvas-linux-x64-gnu": {
      "version": "1.0.11",
      "resolved": "https://registry.npmjs.org/@napi-rs/canvas-linux-x64-gnu/-/canvas-linux-x64-gnu-1.0.11.tgz",
      "integrity": "sha512-iDapw7nFSE5tsmQxcH2+KotJhyfVPmHd6vUOQN/Em+8WNbkZJwJ/rDowlJMFnMl0SYSDSfgKCNUGi6Sn5++Smg==",
      "cpu": [
        "x64"
      ],
      "optional": true,
      "os": [
        "linux"
      ],
      "engines": {
        "node": ">= 10"
      },
      "funding": {
        "type": "github",
        "url": "https://github.com/sponsors/Brooooooklyn"
      }
    },
    "node_modules/@napi-rs/canvas-linux-x64-musl": {
      "version": "1.0.11",
      "resolved": "https://registry.npmjs.org/@napi-rs/canvas-linux-x64-musl/-/canvas-linux-x64-musl-1.0.11.tgz",
      "integrity": "sha512-26q26AyITo3CGZX4HWFIMgBMA1lu3YN07gxzBm4tW6Hglq/OVyTP50kDrmWuKybCX6dh3m8Ly+c7YhI+sqCgCQ==",
      "cpu": [
        "x64"
      ],
      "optional": true,
      "os": [
        "linux"
      ],
      "engines": {
        "node": ">= 10"
      },
      "funding": {
        "type": "github",
        "url": "https://github.com/sponsors/Brooooooklyn"
      }
    },
    "node_modules/@napi-rs/canvas-win32-arm64-msvc": {
      "version": "1.0.11",
      "resolved": "https://registry.npmjs.org/@napi-rs/canvas-win32-arm64-msvc/-/canvas-win32-arm64-msvc-1.0.11.tgz",
      "integrity": "sha512-cUO96IdsfvIj2S+2PNcDSkTcLhjPj8pIOEWRV1Kj70MOP4wnE9zSk7N4C1EKHlFGRcgdR5AkbnBZj0dfHK9nbQ==",
      "cpu": [
        "arm64"
      ],
      "optional": true,
      "os": [
        "win32"
      ],
      "engines": {
        "node": ">= 10"
      },
      "funding": {
        "type": "github",
        "url": "https://github.com/sponsors/Brooooooklyn"
      }
    },
    "node_modules/@napi-rs/canvas-win32-x64-msvc": {
      "version": "1.0.11",
      "resolved": "https://registry.npmjs.org/@napi-rs/canvas-win32-x64-msvc/-/canvas-win32-x64-msvc-1.0.11.tgz",
      "integrity": "sha512-DFYp/ZQRdKunI/LPc0UkRXG1vlNjJKOJf8O8Ctb8+wm2Nt2ELg9Eamc31D2VoakkfGo8L+z0Iejz6WtFbQwyGw==",
      "cpu": [
        "x64"
      ],
      "optional": true,
      "os": [
        "win32"
      ],
      "engines": {
        "node": ">= 10"
      },
      "funding": {
        "type": "github",
        "url": "https://github.com/sponsors/Brooooooklyn"
      }
    },
    "node_modules/coast-wright": {
      "version": "0.0.1-alpha.0",
      "resolved": "https://registry.npmjs.org/coast-wright/-/coast-wright-0.0.1-alpha.0.tgz",
      "integrity": "sha512-OfHkra6e0/oWNC2DnADHtEN6vihENj/2VL0L+jQ9KuJoaRvUIilRxwvllvc7J+3/hVFvk63i1Oe46ToBocaFkg==",
      "dev": true,
      "engines": {
        "node": ">=20"
      },
      "peerDependenciesMeta": {
        "coastlines": {
          "optional": true
        }
      }
    },
    "node_modules/commander": {
      "version": "2.20.3",
      "resolved": "https://registry.npmjs.org/commander/-/commander-2.20.3.tgz",
      "integrity": "sha512-GpVkmM8vF2vQUkj2LvZmD35JxeJOLCwJ9cUkugyk2nuhbv3+mJvpLYYt+0+USMxE+oj+ey/lJEnhZw75x/OMcQ==",
      "dev": true
    },
    "node_modules/topojson-client": {
      "version": "3.1.0",
      "resolved": "https://registry.npmjs.org/topojson-client/-/topojson-client-3.1.0.tgz",
      "integrity": "sha512-605uxS6bcYxGXw9qi62XyrV6Q3xwbndjachmNxu8HWTtVPxZfEJN9fd/SZS1Q54Sn2y0TMyMxFj/cJINqGHrKw==",
      "dev": true,
      "dependencies": {
        "commander": "2"
      },
      "bin": {
        "topo2geo": "bin/topo2geo",
        "topomerge": "bin/topomerge",
        "topoquantize": "bin/topoquantize"
      }
    },
    "node_modules/topojson-server": {
      "version": "3.0.1",
      "resolved": "https://registry.npmjs.org/topojson-server/-/topojson-server-3.0.1.tgz",
      "integrity": "sha512-/VS9j/ffKr2XAOjlZ9CgyyeLmgJ9dMwq6Y0YEON8O7p/tGGk+dCWnrE03zEdu7i4L7YsFZLEPZPzCvcB7lEEXw==",
      "dev": true,
      "dependencies": {
        "commander": "2"
      },
      "bin": {
        "geo2topo": "bin/geo2topo"
      }
    },
    "node_modules/world-atlas": {
      "version": "2.0.2",
      "resolved": "https://registry.npmjs.org/world-atlas/-/world-atlas-2.0.2.tgz",
      "integrity": "sha512-IXfV0qwlKXpckz1FhwXVwKRjiIhOnWttOskm5CtxMsjgE/MXAYRHWJqgXOpM8IkcPBoXnyTU5lFHcYa5ChG0LQ==",
      "dev": true
    }
  }
}
